
Microsoft Visual Studio Solution File, Format Version 12.00
# Visual Studio 14
VisualStudioVersion = 14.0.24720.0
MinimumVisualStudioVersion = 10.0.40219.1
Project("{FAE04EC0-301F-11D3-BF4B-00C04F79EFBC}") = "Kinect-HumanAPI", "Kinect-HumanAPI\Kinect-HumanAPI.csproj", "{48A9EE53-3B44-4A67-97E7-D92D180B42BF}"
EndProject
Project("{FAE04EC0-301F-11D3-BF4B-00C04F79EFBC}") = "Kinect-HumanAPI-Samples", "Kinect-HumanAPI-Samples\Kinect-HumanAPI-Samples.csproj", "{FB631F2F-05A3-4078-B1B4-D158B7BAEFD9}"
EndProject
Global
	GlobalSection(SolutionConfigurationPlatforms) = preSolution
		Debug|Any CPU = Debug|Any CPU
		Release|Any CPU = Release|Any CPU
	EndGlobalSection
	GlobalSection(ProjectConfigurationPlatforms) = postSolution
		{48A9EE53-3B44-4A67-97E7-D92D180B42BF}.Debug|Any CPU.ActiveCfg = Debug|Any CPU
		{48A9EE53-3B44-4A67-97E7-D92D180B42BF}.Debug|Any CPU.Build.0 = Debug|Any CPU
		{48A9EE53-3B44-4A67-97E7-D92D180B42BF}.Release|Any CPU.ActiveCfg = Release|Any CPU
		{48A9EE53-3B44-4A67-97E7-D92D180B42BF}.Release|Any CPU.Build.0 = Release|Any CPU
		{FB631F2F-05A3-4078-B1B4-D158B7BAEFD9}.Debug|Any CPU.ActiveCfg = Debug|Any CPU
		{FB631F2F-05A3-4078-B1B4-D158B7BAEFD9}.Debug|Any CPU.Build.0 = Debug|Any CPU
		{FB631F2F-05A3-4078-B1B4-D158B7BAEFD9}.Release|Any CPU.ActiveCfg = Release|Any CPU
		{FB631F2F-05A3-4078-B1B4-D158B7BAEFD9}.Release|Any CPU.Build.0 = Release|Any CPU
	EndGlobalSection
	GlobalSection(SolutionProperties) = preSolution
		HideSolutionNode = FALSE
	EndGlobalSection
EndGlobal
